
Microsoft Visual Studio Solution File, Format Version 12.00
# Visual Studio Version 16
VisualStudioVersion = 16.0.33130.400
MinimumVisualStudioVersion = 10.0.40219.1
Project("{FAE04EC0-301F-11D3-BF4B-00C04F79EFBC}") = "Homework10_2", "Homework10_2\Homework10_2.csproj", "{618CD638-B02C-4E8B-B740-EE5F1D3F1E62}"
EndProject
Project("{FAE04EC0-301F-11D3-BF4B-00C04F79EFBC}") = "Homework10_4", "Homework10_4\Homework10_4.csproj", "{493B7D5A-C39A-4B30-983E-D5FDA6DF40D9}"
EndProject
Global
	GlobalSection(SolutionConfigurationPlatforms) = preSolution
		Debug|Any CPU = Debug|Any CPU
		Release|Any CPU = Release|Any CPU
	EndGlobalSection
	GlobalSection(ProjectConfigurationPlatforms) = postSolution
		{618CD638-B02C-4E8B-B740-EE5F1D3F1E62}.Debug|Any CPU.ActiveCfg = Debug|Any CPU
		{618CD638-B02C-4E8B-B740-EE5F1D3F1E62}.Debug|Any CPU.Build.0 = Debug|Any CPU
		{618CD638-B02C-4E8B-B740-EE5F1D3F1E62}.Release|Any CPU.ActiveCfg = Release|Any CPU
		{618CD638-B02C-4E8B-B740-EE5F1D3F1E62}.Release|Any CPU.Build.0 = Release|Any CPU
		{493B7D5A-C39A-4B30-983E-D5FDA6DF40D9}.Debug|Any CPU.ActiveCfg = Debug|Any CPU
		{493B7D5A-C39A-4B30-983E-D5FDA6DF40D9}.Debug|Any CPU.Build.0 = Debug|Any CPU
		{493B7D5A-C39A-4B30-983E-D5FDA6DF40D9}.Release|Any CPU.ActiveCfg = Release|Any CPU
		{493B7D5A-C39A-4B30-983E-D5FDA6DF40D9}.Release|Any CPU.Build.0 = Release|Any CPU
	EndGlobalSection
	GlobalSection(SolutionProperties) = preSolution
		HideSolutionNode = FALSE
	EndGlobalSection
	GlobalSection(ExtensibilityGlobals) = postSolution
		SolutionGuid = {E657739B-616D-4E81-A44D-8B4E6348B324}
	EndGlobalSection
EndGlobal
